
Microsoft Visual Studio Solution File, Format Version 12.00
# Visual Studio 16
Project("{FAE04EC0-301F-11D3-BF4B-00C04F79EFBC}") = "Assembly-CSharp", "Assembly-CSharp.csproj", "{7B157590-21D7-0285-67F9-275B9A3E9825}"
EndProject
Project("{FAE04EC0-301F-11D3-BF4B-00C04F79EFBC}") = "Assembly-CSharp-Editor", "Assembly-CSharp-Editor.csproj", "{C7E71026-E51C-C04D-1098-E82B86CAD91A}"
EndProject
Global
	GlobalSection(SolutionConfigurationPlatforms) = preSolution
		Debug|Any CPU = Debug|Any CPU
		Release|Any CPU = Release|Any CPU
	EndGlobalSection
	GlobalSection(ProjectConfigurationPlatforms) = postSolution
		{7B157590-21D7-0285-67F9-275B9A3E9825}.Debug|Any CPU.ActiveCfg = Debug|Any CPU
		{7B157590-21D7-0285-67F9-275B9A3E9825}.Debug|Any CPU.Build.0 = Debug|Any CPU
		{7B157590-21D7-0285-67F9-275B9A3E9825}.Release|Any CPU.ActiveCfg = Release|Any CPU
		{7B157590-21D7-0285-67F9-275B9A3E9825}.Release|Any CPU.Build.0 = Release|Any CPU
		{C7E71026-E51C-C04D-1098-E82B86CAD91A}.Debug|Any CPU.ActiveCfg = Debug|Any CPU
		{C7E71026-E51C-C04D-1098-E82B86CAD91A}.Debug|Any CPU.Build.0 = Debug|Any CPU
		{C7E71026-E51C-C04D-1098-E82B86CAD91A}.Release|Any CPU.ActiveCfg = Release|Any CPU
		{C7E71026-E51C-C04D-1098-E82B86CAD91A}.Release|Any CPU.Build.0 = Release|Any CPU
	EndGlobalSection
	GlobalSection(SolutionProperties) = preSolution
		HideSolutionNode = FALSE
	EndGlobalSection
EndGlobal
